# THIS IS AN AUTOGENERATED FILE. DO NOT EDIT THIS FILE DIRECTLY.
# yarn lockfile v1


"@jocabola/math@^0.2.42":
  version "0.2.42"
  resolved "https://registry.yarnpkg.com/@jocabola/math/-/math-0.2.42.tgz#3c67c35da2dbbec2ac06aacbea787f9e33939593"
  integrity sha512-3vYIZyAA0p73JFqDTVkb1b+NFZ4gHAgDIl9/lKn5/dywW6kXywb5vNJRnzdY35MDsdIWP4IWNOsKGIhEi6n6Tg==
  dependencies:
    mersenne "^0.0.4"

mersenne@^0.0.4:
  version "0.0.4"
  resolved "https://registry.yarnpkg.com/mersenne/-/mersenne-0.0.4.tgz#401fdec7ec21cdb9e03cd3d3021398da21b27085"
  integrity sha512-XoSUL+nF8hMTKGQxUs8r3Btdsf1yuKKBdCCGbh3YXgCXuVKishpZv1CNc385w9s8t4Ynwc5h61BwW/FCVulkbg==

three@^0.145.0:
  version "0.145.0"
  resolved "https://registry.yarnpkg.com/three/-/three-0.145.0.tgz#a613d71e75effc2aed88be630027ca01e2b6502e"
  integrity sha512-EKoHQEtEJ4CB6b2BGMBgLZrfwLjXcSUfoI/MiIXUuRpeYsfK5aPWbYhdtIVWOH+x6X0TouldHKHBuc/LAiFzAw==

typescript@^4.5.2:
  version "4.8.4"
  resolved "https://registry.yarnpkg.com/typescript/-/typescript-4.8.4.tgz#c464abca159669597be5f96b8943500b238e60e6"
  integrity sha512-QCh+85mCy+h0IGff8r5XWzOVSbBO+KfeYrMQh7NJ58QujwcE22u+NUSmUxqF+un70P9GXKxa2HCNiTTMJknyjQ==
